// !$*UTF8*$!
{
	archiveVersion = 1;
	classes = {
	};
	objectVersion = 55;
	objects = {

/* Begin PBXBuildFile section */
		AF0164152807E71700CF4EF7 /* ListDishesViewController.swift in Sources */ = {isa = PBXBuildFile; fileRef = AF0164142807E71700CF4EF7 /* ListDishesViewController.swift */; };
		AF0164172807EEF400CF4EF7 /* PopularCollectionViewCell.xib in Resources */ = {isa = PBXBuildFile; fileRef = AF0164162807EEF400CF4EF7 /* PopularCollectionViewCell.xib */; };
		AF14A1CF280695D900D1DB04 /* DishDetailViewController.swift in Sources */ = {isa = PBXBuildFile; fileRef = AF14A1CE280695D900D1DB04 /* DishDetailViewController.swift */; };
		AF14A1D12806990E00D1DB04 /* UIViewControllerExtension.swift in Sources */ = {isa = PBXBuildFile; fileRef = AF14A1D02806990E00D1DB04 /* UIViewControllerExtension.swift */; };
		AF14A1D62806E2A200D1DB04 /* DishListTableViewCell.swift in Sources */ = {isa = PBXBuildFile; fileRef = AF14A1D42806E2A200D1DB04 /* DishListTableViewCell.swift */; };
		AF14A1D72806E2A200D1DB04 /* DishListTableViewCell.xib in Resources */ = {isa = PBXBuildFile; fileRef = AF14A1D52806E2A200D1DB04 /* DishListTableViewCell.xib */; };
		AF2F852B28030F69007675DC /* PopularCollectionViewCell.swift in Sources */ = {isa = PBXBuildFile; fileRef = AF2F852928030F69007675DC /* PopularCollectionViewCell.swift */; };
		AF2F852E280314D3007675DC /* Dish.swift in Sources */ = {isa = PBXBuildFile; fileRef = AF2F852D280314D3007675DC /* Dish.swift */; };
		AF5533AA28028182003321E7 /* ShadowView.swift in Sources */ = {isa = PBXBuildFile; fileRef = AF5533A928028182003321E7 /* ShadowView.swift */; };
		AF5974DF280143FA00D28D86 /* HomeViewController.swift in Sources */ = {isa = PBXBuildFile; fileRef = AF5974DE280143FA00D28D86 /* HomeViewController.swift */; };
		AF8CA30627FC6573004F1FEA /* OnboardingViewController.swift in Sources */ = {isa = PBXBuildFile; fileRef = AF8CA30527FC6573004F1FEA /* OnboardingViewController.swift */; };
		AF8CA30927FC6AF3004F1FEA /* UIViewExtension.swift in Sources */ = {isa = PBXBuildFile; fileRef = AF8CA30827FC6AF3004F1FEA /* UIViewExtension.swift */; };
		AF8CA30B27FC6FD8004F1FEA /* OnboardingSlides.swift in Sources */ = {isa = PBXBuildFile; fileRef = AF8CA30A27FC6FD8004F1FEA /* OnboardingSlides.swift */; };
		AF8CA30E27FC782F004F1FEA /* OnboardingCollectionViewCell.swift in Sources */ = {isa = PBXBuildFile; fileRef = AF8CA30D27FC782F004F1FEA /* OnboardingCollectionViewCell.swift */; };
		AF99C9EB280570C7001C5A4A /* ChefSpecialCollectionViewCell.swift in Sources */ = {isa = PBXBuildFile; fileRef = AF99C9E9280570C7001C5A4A /* ChefSpecialCollectionViewCell.swift */; };
		AF99C9EC280570C7001C5A4A /* ChefSpecialCollectionViewCell.xib in Resources */ = {isa = PBXBuildFile; fileRef = AF99C9EA280570C7001C5A4A /* ChefSpecialCollectionViewCell.xib */; };
		AFA655B92801E65F00C081D3 /* StringExtension.swift in Sources */ = {isa = PBXBuildFile; fileRef = AFA655B82801E65F00C081D3 /* StringExtension.swift */; };
		AFB2DE082801DB95007B1AA6 /* CategoryCollectionViewCell.swift in Sources */ = {isa = PBXBuildFile; fileRef = AFB2DE062801DB95007B1AA6 /* CategoryCollectionViewCell.swift */; };
		AFB2DE092801DB95007B1AA6 /* CategoryCollectionViewCell.xib in Resources */ = {isa = PBXBuildFile; fileRef = AFB2DE072801DB95007B1AA6 /* CategoryCollectionViewCell.xib */; };
		AFB2DE0B2801DEEA007B1AA6 /* DishCategory.swift in Sources */ = {isa = PBXBuildFile; fileRef = AFB2DE0A2801DEEA007B1AA6 /* DishCategory.swift */; };
		AFF2274727FB46FA006E6E61 /* AppDelegate.swift in Sources */ = {isa = PBXBuildFile; fileRef = AFF2274627FB46FA006E6E61 /* AppDelegate.swift */; };
		AFF2274927FB46FA006E6E61 /* SceneDelegate.swift in Sources */ = {isa = PBXBuildFile; fileRef = AFF2274827FB46FA006E6E61 /* SceneDelegate.swift */; };
		AFF2274E27FB46FA006E6E61 /* Main.storyboard in Resources */ = {isa = PBXBuildFile; fileRef = AFF2274C27FB46FA006E6E61 /* Main.storyboard */; };
		AFF2275027FB46FC006E6E61 /* Assets.xcassets in Resources */ = {isa = PBXBuildFile; fileRef = AFF2274F27FB46FC006E6E61 /* Assets.xcassets */; };
		AFF2275327FB46FC006E6E61 /* LaunchScreen.storyboard in Resources */ = {isa = PBXBuildFile; fileRef = AFF2275127FB46FC006E6E61 /* LaunchScreen.storyboard */; };
		C184251A649C7E8F5339BA14 /* Pods_Food_Ordering_App.framework in Frameworks */ = {isa = PBXBuildFile; fileRef = BBAEC5458B059405586A2EF3 /* Pods_Food_Ordering_App.framework */; };
/* End PBXBuildFile section */

/* Begin PBXFileReference section */
		165893BA6795281E4C484127 /* Pods-Food Ordering App.release.xcconfig */ = {isa = PBXFileReference; includeInIndex = 1; lastKnownFileType = text.xcconfig; name = "Pods-Food Ordering App.release.xcconfig"; path = "Target Support Files/Pods-Food Ordering App/Pods-Food Ordering App.release.xcconfig"; sourceTree = "<group>"; };
		AF0164142807E71700CF4EF7 /* ListDishesViewController.swift */ = {isa = PBXFileReference; lastKnownFileType = sourcecode.swift; path = ListDishesViewController.swift; sourceTree = "<group>"; };
		AF0164162807EEF400CF4EF7 /* PopularCollectionViewCell.xib */ = {isa = PBXFileReference; fileEncoding = 4; lastKnownFileType = file.xib; path = PopularCollectionViewCell.xib; sourceTree = "<group>"; };
		AF14A1CE280695D900D1DB04 /* DishDetailViewController.swift */ = {isa = PBXFileReference; lastKnownFileType = sourcecode.swift; path = DishDetailViewController.swift; sourceTree = "<group>"; };
		AF14A1D02806990E00D1DB04 /* UIViewControllerExtension.swift */ = {isa = PBXFileReference; lastKnownFileType = sourcecode.swift; path = UIViewControllerExtension.swift; sourceTree = "<group>"; };
		AF14A1D42806E2A200D1DB04 /* DishListTableViewCell.swift */ = {isa = PBXFileReference; lastKnownFileType = sourcecode.swift; path = DishListTableViewCell.swift; sourceTree = "<group>"; };
		AF14A1D52806E2A200D1DB04 /* DishListTableViewCell.xib */ = {isa = PBXFileReference; lastKnownFileType = file.xib; path = DishListTableViewCell.xib; sourceTree = "<group>"; };
		AF2F852928030F69007675DC /* PopularCollectionViewCell.swift */ = {isa = PBXFileReference; lastKnownFileType = sourcecode.swift; path = PopularCollectionViewCell.swift; sourceTree = "<group>"; };
		AF2F852D280314D3007675DC /* Dish.swift */ = {isa = PBXFileReference; lastKnownFileType = sourcecode.swift; path = Dish.swift; sourceTree = "<group>"; };
		AF5533A928028182003321E7 /* ShadowView.swift */ = {isa = PBXFileReference; lastKnownFileType = sourcecode.swift; path = ShadowView.swift; sourceTree = "<group>"; };
		AF5974DE280143FA00D28D86 /* HomeViewController.swift */ = {isa = PBXFileReference; lastKnownFileType = sourcecode.swift; path = HomeViewController.swift; sourceTree = "<group>"; };
		AF8CA30527FC6573004F1FEA /* OnboardingViewController.swift */ = {isa = PBXFileReference; lastKnownFileType = sourcecode.swift; path = OnboardingViewController.swift; sourceTree = "<group>"; };
		AF8CA30827FC6AF3004F1FEA /* UIViewExtension.swift */ = {isa = PBXFileReference; lastKnownFileType = sourcecode.swift; path = UIViewExtension.swift; sourceTree = "<group>"; };
		AF8CA30A27FC6FD8004F1FEA /* OnboardingSlides.swift */ = {isa = PBXFileReference; lastKnownFileType = sourcecode.swift; path = OnboardingSlides.swift; sourceTree = "<group>"; };
		AF8CA30D27FC782F004F1FEA /* OnboardingCollectionViewCell.swift */ = {isa = PBXFileReference; lastKnownFileType = sourcecode.swift; path = OnboardingCollectionViewCell.swift; sourceTree = "<group>"; };
		AF99C9E9280570C7001C5A4A /* ChefSpecialCollectionViewCell.swift */ = {isa = PBXFileReference; lastKnownFileType = sourcecode.swift; path = ChefSpecialCollectionViewCell.swift; sourceTree = "<group>"; };
		AF99C9EA280570C7001C5A4A /* ChefSpecialCollectionViewCell.xib */ = {isa = PBXFileReference; lastKnownFileType = file.xib; path = ChefSpecialCollectionViewCell.xib; sourceTree = "<group>"; };
		AFA655B82801E65F00C081D3 /* StringExtension.swift */ = {isa = PBXFileReference; lastKnownFileType = sourcecode.swift; path = StringExtension.swift; sourceTree = "<group>"; };
		AFB2DE062801DB95007B1AA6 /* CategoryCollectionViewCell.swift */ = {isa = PBXFileReference; lastKnownFileType = sourcecode.swift; path = CategoryCollectionViewCell.swift; sourceTree = "<group>"; };
		AFB2DE072801DB95007B1AA6 /* CategoryCollectionViewCell.xib */ = {isa = PBXFileReference; lastKnownFileType = file.xib; path = CategoryCollectionViewCell.xib; sourceTree = "<group>"; };
		AFB2DE0A2801DEEA007B1AA6 /* DishCategory.swift */ = {isa = PBXFileReference; lastKnownFileType = sourcecode.swift; path = DishCategory.swift; sourceTree = "<group>"; };
		AFF2274327FB46FA006E6E61 /* Food Ordering App.app */ = {isa = PBXFileReference; explicitFileType = wrapper.application; includeInIndex = 0; path = "Food Ordering App.app"; sourceTree = BUILT_PRODUCTS_DIR; };
		AFF2274627FB46FA006E6E61 /* AppDelegate.swift */ = {isa = PBXFileReference; lastKnownFileType = sourcecode.swift; path = AppDelegate.swift; sourceTree = "<group>"; };
		AFF2274827FB46FA006E6E61 /* SceneDelegate.swift */ = {isa = PBXFileReference; lastKnownFileType = sourcecode.swift; path = SceneDelegate.swift; sourceTree = "<group>"; };
		AFF2274D27FB46FA006E6E61 /* Base */ = {isa = PBXFileReference; lastKnownFileType = file.storyboard; name = Base; path = Base.lproj/Main.storyboard; sourceTree = "<group>"; };
		AFF2274F27FB46FC006E6E61 /* Assets.xcassets */ = {isa = PBXFileReference; lastKnownFileType = folder.assetcatalog; path = Assets.xcassets; sourceTree = "<group>"; };
		AFF2275227FB46FC006E6E61 /* Base */ = {isa = PBXFileReference; lastKnownFileType = file.storyboard; name = Base; path = Base.lproj/LaunchScreen.storyboard; sourceTree = "<group>"; };
		AFF2275427FB46FC006E6E61 /* Info.plist */ = {isa = PBXFileReference; lastKnownFileType = text.plist.xml; path = Info.plist; sourceTree = "<group>"; };
		BBAEC5458B059405586A2EF3 /* Pods_Food_Ordering_App.framework */ = {isa = PBXFileReference; explicitFileType = wrapper.framework; includeInIndex = 0; path = Pods_Food_Ordering_App.framework; sourceTree = BUILT_PRODUCTS_DIR; };
		D7E0A4999859B2373CF47F6F /* Pods-Food Ordering App.debug.xcconfig */ = {isa = PBXFileReference; includeInIndex = 1; lastKnownFileType = text.xcconfig; name = "Pods-Food Ordering App.debug.xcconfig"; path = "Target Support Files/Pods-Food Ordering App/Pods-Food Ordering App.debug.xcconfig"; sourceTree = "<group>"; };
/* End PBXFileReference section */

/* Begin PBXFrameworksBuildPhase section */
		AFF2274027FB46FA006E6E61 /* Frameworks */ = {
			isa = PBXFrameworksBuildPhase;
			buildActionMask = 2147483647;
			files = (
				C184251A649C7E8F5339BA14 /* Pods_Food_Ordering_App.framework in Frameworks */,
			);
			runOnlyForDeploymentPostprocessing = 0;
		};
/* End PBXFrameworksBuildPhase section */

/* Begin PBXGroup section */
		AF0164112807D79700CF4EF7 /* ListDishes */ = {
			isa = PBXGroup;
			children = (
				AF0164142807E71700CF4EF7 /* ListDishesViewController.swift */,
			);
			path = ListDishes;
			sourceTree = "<group>";
		};
		AF14A1CD280695A300D1DB04 /* DishDetail */ = {
			isa = PBXGroup;
			children = (
				AF14A1CE280695D900D1DB04 /* DishDetailViewController.swift */,
			);
			path = DishDetail;
			sourceTree = "<group>";
		};
		AF14A1D22806E16800D1DB04 /* TableViewCell */ = {
			isa = PBXGroup;
			children = (
				AF14A1D32806E27F00D1DB04 /* DishTableView */,
			);
			path = TableViewCell;
			sourceTree = "<group>";
		};
		AF14A1D32806E27F00D1DB04 /* DishTableView */ = {
			isa = PBXGroup;
			children = (
				AF14A1D42806E2A200D1DB04 /* DishListTableViewCell.swift */,
				AF14A1D52806E2A200D1DB04 /* DishListTableViewCell.xib */,
			);
			path = DishTableView;
			sourceTree = "<group>";
		};
		AF2F852828030EB4007675DC /* PopularDishCollectionViewCell */ = {
			isa = PBXGroup;
			children = (
				AF2F852928030F69007675DC /* PopularCollectionViewCell.swift */,
				AF0164162807EEF400CF4EF7 /* PopularCollectionViewCell.xib */,
			);
			path = PopularDishCollectionViewCell;
			sourceTree = "<group>";
		};
		AF5533A828028165003321E7 /* ShadowView */ = {
			isa = PBXGroup;
			children = (
				AF5533A928028182003321E7 /* ShadowView.swift */,
			);
			path = ShadowView;
			sourceTree = "<group>";
		};
		AF5974DD280143D200D28D86 /* Home */ = {
			isa = PBXGroup;
			children = (
				AF5974DE280143FA00D28D86 /* HomeViewController.swift */,
			);
			path = Home;
			sourceTree = "<group>";
		};
		AF8CA30127FC64C1004F1FEA /* Models */ = {
			isa = PBXGroup;
			children = (
				AF8CA30A27FC6FD8004F1FEA /* OnboardingSlides.swift */,
				AFB2DE0A2801DEEA007B1AA6 /* DishCategory.swift */,
				AF2F852D280314D3007675DC /* Dish.swift */,
			);
			path = Models;
			sourceTree = "<group>";
		};
		AF8CA30227FC64CA004F1FEA /* Views */ = {
			isa = PBXGroup;
			children = (
				AF0164112807D79700CF4EF7 /* ListDishes */,
				AF14A1CD280695A300D1DB04 /* DishDetail */,
				AF5974DD280143D200D28D86 /* Home */,
				AF8CA30427FC6542004F1FEA /* Onboarding */,
			);
			path = Views;
			sourceTree = "<group>";
		};
		AF8CA30327FC64EB004F1FEA /* Custom Views */ = {
			isa = PBXGroup;
			children = (
				AF14A1D22806E16800D1DB04 /* TableViewCell */,
				AF5533A828028165003321E7 /* ShadowView */,
				AFB2DE042801DB2A007B1AA6 /* CollectionViewCells */,
			);
			path = "Custom Views";
			sourceTree = "<group>";
		};
		AF8CA30427FC6542004F1FEA /* Onboarding */ = {
			isa = PBXGroup;
			children = (
				AF8CA30527FC6573004F1FEA /* OnboardingViewController.swift */,
				AF8CA30D27FC782F004F1FEA /* OnboardingCollectionViewCell.swift */,
			);
			path = Onboarding;
			sourceTree = "<group>";
		};
		AF8CA30727FC6AA4004F1FEA /* Extensions */ = {
			isa = PBXGroup;
			children = (
				AF8CA30827FC6AF3004F1FEA /* UIViewExtension.swift */,
				AFA655B82801E65F00C081D3 /* StringExtension.swift */,
				AF14A1D02806990E00D1DB04 /* UIViewControllerExtension.swift */,
			);
			path = Extensions;
			sourceTree = "<group>";
		};
		AF8CA30C27FC6FDF004F1FEA /* Resources */ = {
			isa = PBXGroup;
			children = (
				AFF2274627FB46FA006E6E61 /* AppDelegate.swift */,
				AFF2274827FB46FA006E6E61 /* SceneDelegate.swift */,
				AFF2274F27FB46FC006E6E61 /* Assets.xcassets */,
			);
			path = Resources;
			sourceTree = "<group>";
		};
		AF99C9E828057090001C5A4A /* ChefSpecialCollectionViewCell */ = {
			isa = PBXGroup;
			children = (
				AF99C9E9280570C7001C5A4A /* ChefSpecialCollectionViewCell.swift */,
				AF99C9EA280570C7001C5A4A /* ChefSpecialCollectionViewCell.xib */,
			);
			path = ChefSpecialCollectionViewCell;
			sourceTree = "<group>";
		};
		AFB2DE042801DB2A007B1AA6 /* CollectionViewCells */ = {
			isa = PBXGroup;
			children = (
				AFB2DE052801DB3E007B1AA6 /* CategoryCollectionViewCell */,
				AF2F852828030EB4007675DC /* PopularDishCollectionViewCell */,
				AF99C9E828057090001C5A4A /* ChefSpecialCollectionViewCell */,
			);
			path = CollectionViewCells;
			sourceTree = "<group>";
		};
		AFB2DE052801DB3E007B1AA6 /* CategoryCollectionViewCell */ = {
			isa = PBXGroup;
			children = (
				AFB2DE062801DB95007B1AA6 /* CategoryCollectionViewCell.swift */,
				AFB2DE072801DB95007B1AA6 /* CategoryCollectionViewCell.xib */,
			);
			path = CategoryCollectionViewCell;
			sourceTree = "<group>";
		};
		AFF2273A27FB46FA006E6E61 = {
			isa = PBXGroup;
			children = (
				AFF2274527FB46FA006E6E61 /* Food Ordering App */,
				AFF2274427FB46FA006E6E61 /* Products */,
				F2C1DF29F12E9A6179B47A85 /* Pods */,
				E7658DE7762A010D422791CA /* Frameworks */,
			);
			sourceTree = "<group>";
		};
		AFF2274427FB46FA006E6E61 /* Products */ = {
			isa = PBXGroup;
			children = (
				AFF2274327FB46FA006E6E61 /* Food Ordering App.app */,
			);
			name = Products;
			sourceTree = "<group>";
		};
		AFF2274527FB46FA006E6E61 /* Food Ordering App */ = {
			isa = PBXGroup;
			children = (
				AF8CA30C27FC6FDF004F1FEA /* Resources */,
				AF8CA30727FC6AA4004F1FEA /* Extensions */,
				AF8CA30327FC64EB004F1FEA /* Custom Views */,
				AF8CA30227FC64CA004F1FEA /* Views */,
				AF8CA30127FC64C1004F1FEA /* Models */,
				AFF2274C27FB46FA006E6E61 /* Main.storyboard */,
				AFF2275127FB46FC006E6E61 /* LaunchScreen.storyboard */,
				AFF2275427FB46FC006E6E61 /* Info.plist */,
			);
			path = "Food Ordering App";
			sourceTree = "<group>";
		};
		E7658DE7762A010D422791CA /* Frameworks */ = {
			isa = PBXGroup;
			children = (
				BBAEC5458B059405586A2EF3 /* Pods_Food_Ordering_App.framework */,
			);
			name = Frameworks;
			sourceTree = "<group>";
		};
		F2C1DF29F12E9A6179B47A85 /* Pods */ = {
			isa = PBXGroup;
			children = (
				D7E0A4999859B2373CF47F6F /* Pods-Food Ordering App.debug.xcconfig */,
				165893BA6795281E4C484127 /* Pods-Food Ordering App.release.xcconfig */,
			);
			path = Pods;
			sourceTree = "<group>";
		};
/* End PBXGroup section */

/* Begin PBXNativeTarget section */
		AFF2274227FB46FA006E6E61 /* Food Ordering App */ = {
			isa = PBXNativeTarget;
			buildConfigurationList = AFF2275727FB46FC006E6E61 /* Build configuration list for PBXNativeTarget "Food Ordering App" */;
			buildPhases = (
				529A52F5B075D20E38FCAB8A /* [CP] Check Pods Manifest.lock */,
				AFF2273F27FB46FA006E6E61 /* Sources */,
				AFF2274027FB46FA006E6E61 /* Frameworks */,
				AFF2274127FB46FA006E6E61 /* Resources */,
				F825B150BBFB4D0062539DD9 /* [CP] Embed Pods Frameworks */,
			);
			buildRules = (
			);
			dependencies = (
			);
			name = "Food Ordering App";
			productName = "Food Ordering App";
			productReference = AFF2274327FB46FA006E6E61 /* Food Ordering App.app */;
			productType = "com.apple.product-type.application";
		};
/* End PBXNativeTarget section */

/* Begin PBXProject section */
		AFF2273B27FB46FA006E6E61 /* Project object */ = {
			isa = PBXProject;
			attributes = {
				BuildIndependentTargetsInParallel = 1;
				LastSwiftUpdateCheck = 1300;
				LastUpgradeCheck = 1300;
				TargetAttributes = {
					AFF2274227FB46FA006E6E61 = {
						CreatedOnToolsVersion = 13.0;
					};
				};
			};
			buildConfigurationList = AFF2273E27FB46FA006E6E61 /* Build configuration list for PBXProject "Food Ordering App" */;
			compatibilityVersion = "Xcode 13.0";
			developmentRegion = en;
			hasScannedForEncodings = 0;
			knownRegions = (
				en,
				Base,
			);
			mainGroup = AFF2273A27FB46FA006E6E61;
			productRefGroup = AFF2274427FB46FA006E6E61 /* Products */;
			projectDirPath = "";
			projectRoot = "";
			targets = (
				AFF2274227FB46FA006E6E61 /* Food Ordering App */,
			);
		};
/* End PBXProject section */

/* Begin PBXResourcesBuildPhase section */
		AFF2274127FB46FA006E6E61 /* Resources */ = {
			isa = PBXResourcesBuildPhase;
			buildActionMask = 2147483647;
			files = (
				AFB2DE092801DB95007B1AA6 /* CategoryCollectionViewCell.xib in Resources */,
				AF0164172807EEF400CF4EF7 /* PopularCollectionViewCell.xib in Resources */,
				AF14A1D72806E2A200D1DB04 /* DishListTableViewCell.xib in Resources */,
				AFF2275327FB46FC006E6E61 /* LaunchScreen.storyboard in Resources */,
				AFF2275027FB46FC006E6E61 /* Assets.xcassets in Resources */,
				AFF2274E27FB46FA006E6E61 /* Main.storyboard in Resources */,
				AF99C9EC280570C7001C5A4A /* ChefSpecialCollectionViewCell.xib in Resources */,
			);
			runOnlyForDeploymentPostprocessing = 0;
		};
/* End PBXResourcesBuildPhase section */

/* Begin PBXShellScriptBuildPhase section */
		529A52F5B075D20E38FCAB8A /* [CP] Check Pods Manifest.lock */ = {
			isa = PBXShellScriptBuildPhase;
			buildActionMask = 2147483647;
			files = (
			);
			inputFileListPaths = (
			);
			inputPaths = (
				"${PODS_PODFILE_DIR_PATH}/Podfile.lock",
				"${PODS_ROOT}/Manifest.lock",
			);
			name = "[CP] Check Pods Manifest.lock";
			outputFileListPaths = (
			);
			outputPaths = (
				"$(DERIVED_FILE_DIR)/Pods-Food Ordering App-checkManifestLockResult.txt",
			);
			runOnlyForDeploymentPostprocessing = 0;
			shellPath = /bin/sh;
			shellScript = "diff \"${PODS_PODFILE_DIR_PATH}/Podfile.lock\" \"${PODS_ROOT}/Manifest.lock\" > /dev/null\nif [ $? != 0 ] ; then\n    # print error to STDERR\n    echo \"error: The sandbox is not in sync with the Podfile.lock. Run 'pod install' or update your CocoaPods installation.\" >&2\n    exit 1\nfi\n# This output is used by Xcode 'outputs' to avoid re-running this script phase.\necho \"SUCCESS\" > \"${SCRIPT_OUTPUT_FILE_0}\"\n";
			showEnvVarsInLog = 0;
		};
		F825B150BBFB4D0062539DD9 /* [CP] Embed Pods Frameworks */ = {
			isa = PBXShellScriptBuildPhase;
			buildActionMask = 2147483647;
			files = (
			);
			inputFileListPaths = (
				"${PODS_ROOT}/Target Support Files/Pods-Food Ordering App/Pods-Food Ordering App-frameworks-${CONFIGURATION}-input-files.xcfilelist",
			);
			name = "[CP] Embed Pods Frameworks";
			outputFileListPaths = (
				"${PODS_ROOT}/Target Support Files/Pods-Food Ordering App/Pods-Food Ordering App-frameworks-${CONFIGURATION}-output-files.xcfilelist",
			);
			runOnlyForDeploymentPostprocessing = 0;
			shellPath = /bin/sh;
			shellScript = "\"${PODS_ROOT}/Target Support Files/Pods-Food Ordering App/Pods-Food Ordering App-frameworks.sh\"\n";
			showEnvVarsInLog = 0;
		};
/* End PBXShellScriptBuildPhase section */

/* Begin PBXSourcesBuildPhase section */
		AFF2273F27FB46FA006E6E61 /* Sources */ = {
			isa = PBXSourcesBuildPhase;
			buildActionMask = 2147483647;
			files = (
				AF14A1D62806E2A200D1DB04 /* DishListTableViewCell.swift in Sources */,
				AF2F852B28030F69007675DC /* PopularCollectionViewCell.swift in Sources */,
				AFF2274727FB46FA006E6E61 /* AppDelegate.swift in Sources */,
				AF5533AA28028182003321E7 /* ShadowView.swift in Sources */,
				AFF2274927FB46FA006E6E61 /* SceneDelegate.swift in Sources */,
				AF14A1D12806990E00D1DB04 /* UIViewControllerExtension.swift in Sources */,
				AFA655B92801E65F00C081D3 /* StringExtension.swift in Sources */,
				AF8CA30B27FC6FD8004F1FEA /* OnboardingSlides.swift in Sources */,
				AF14A1CF280695D900D1DB04 /* DishDetailViewController.swift in Sources */,
				AF8CA30927FC6AF3004F1FEA /* UIViewExtension.swift in Sources */,
				AFB2DE082801DB95007B1AA6 /* CategoryCollectionViewCell.swift in Sources */,
				AF99C9EB280570C7001C5A4A /* ChefSpecialCollectionViewCell.swift in Sources */,
				AF8CA30627FC6573004F1FEA /* OnboardingViewController.swift in Sources */,
				AF5974DF280143FA00D28D86 /* HomeViewController.swift in Sources */,
				AF0164152807E71700CF4EF7 /* ListDishesViewController.swift in Sources */,
				AFB2DE0B2801DEEA007B1AA6 /* DishCategory.swift in Sources */,
				AF2F852E280314D3007675DC /* Dish.swift in Sources */,
				AF8CA30E27FC782F004F1FEA /* OnboardingCollectionViewCell.swift in Sources */,
			);
			runOnlyForDeploymentPostprocessing = 0;
		};
/* End PBXSourcesBuildPhase section */

/* Begin PBXVariantGroup section */
		AFF2274C27FB46FA006E6E61 /* Main.storyboard */ = {
			isa = PBXVariantGroup;
			children = (
				AFF2274D27FB46FA006E6E61 /* Base */,
			);
			name = Main.storyboard;
			sourceTree = "<group>";
		};
		AFF2275127FB46FC006E6E61 /* LaunchScreen.storyboard */ = {
			isa = PBXVariantGroup;
			children = (
				AFF2275227FB46FC006E6E61 /* Base */,
			);
			name = LaunchScreen.storyboard;
			sourceTree = "<group>";
		};
/* End PBXVariantGroup section */

/* Begin XCBuildConfiguration section */
		AFF2275527FB46FC006E6E61 /* Debug */ = {
			isa = XCBuildConfiguration;
			buildSettings = {
				ALWAYS_SEARCH_USER_PATHS = NO;
				CLANG_ANALYZER_NONNULL = YES;
				CLANG_ANALYZER_NUMBER_OBJECT_CONVERSION = YES_AGGRESSIVE;
				CLANG_CXX_LANGUAGE_STANDARD = "gnu++17";
				CLANG_CXX_LIBRARY = "libc++";
				CLANG_ENABLE_MODULES = YES;
				CLANG_ENABLE_OBJC_ARC = YES;
				CLANG_ENABLE_OBJC_WEAK = YES;
				CLANG_WARN_BLOCK_CAPTURE_AUTORELEASING = YES;
				CLANG_WARN_BOOL_CONVERSION = YES;
				CLANG_WARN_COMMA = YES;
				CLANG_WARN_CONSTANT_CONVERSION = YES;
				CLANG_WARN_DEPRECATED_OBJC_IMPLEMENTATIONS = YES;
				CLANG_WARN_DIRECT_OBJC_ISA_USAGE = YES_ERROR;
				CLANG_WARN_DOCUMENTATION_COMMENTS = YES;
				CLANG_WARN_EMPTY_BODY = YES;
				CLANG_WARN_ENUM_CONVERSION = YES;
				CLANG_WARN_INFINITE_RECURSION = YES;
				CLANG_WARN_INT_CONVERSION = YES;
				CLANG_WARN_NON_LITERAL_NULL_CONVERSION = YES;
				CLANG_WARN_OBJC_IMPLICIT_RETAIN_SELF = YES;
				CLANG_WARN_OBJC_LITERAL_CONVERSION = YES;
				CLANG_WARN_OBJC_ROOT_CLASS = YES_ERROR;
				CLANG_WARN_QUOTED_INCLUDE_IN_FRAMEWORK_HEADER = YES;
				CLANG_WARN_RANGE_LOOP_ANALYSIS = YES;
				CLANG_WARN_STRICT_PROTOTYPES = YES;
				CLANG_WARN_SUSPICIOUS_MOVE = YES;
				CLANG_WARN_UNGUARDED_AVAILABILITY = YES_AGGRESSIVE;
				CLANG_WARN_UNREACHABLE_CODE = YES;
				CLANG_WARN__DUPLICATE_METHOD_MATCH = YES;
				COPY_PHASE_STRIP = NO;
				DEBUG_INFORMATION_FORMAT = dwarf;
				ENABLE_STRICT_OBJC_MSGSEND = YES;
				ENABLE_TESTABILITY = YES;
				GCC_C_LANGUAGE_STANDARD = gnu11;
				GCC_DYNAMIC_NO_PIC = NO;
				GCC_NO_COMMON_BLOCKS = YES;
				GCC_OPTIMIZATION_LEVEL = 0;
				GCC_PREPROCESSOR_DEFINITIONS = (
					"DEBUG=1",
					"$(inherited)",
				);
				GCC_WARN_64_TO_32_BIT_CONVERSION = YES;
				GCC_WARN_ABOUT_RETURN_TYPE = YES_ERROR;
				GCC_WARN_UNDECLARED_SELECTOR = YES;
				GCC_WARN_UNINITIALIZED_AUTOS = YES_AGGRESSIVE;
				GCC_WARN_UNUSED_FUNCTION = YES;
				GCC_WARN_UNUSED_VARIABLE = YES;
				IPHONEOS_DEPLOYMENT_TARGET = 15.0;
				MTL_ENABLE_DEBUG_INFO = INCLUDE_SOURCE;
				MTL_FAST_MATH = YES;
				ONLY_ACTIVE_ARCH = YES;
				SDKROOT = iphoneos;
				SWIFT_ACTIVE_COMPILATION_CONDITIONS = DEBUG;
				SWIFT_OPTIMIZATION_LEVEL = "-Onone";
			};
			name = Debug;
		};
		AFF2275627FB46FC006E6E61 /* Release */ = {
			isa = XCBuildConfiguration;
			buildSettings = {
				ALWAYS_SEARCH_USER_PATHS = NO;
				CLANG_ANALYZER_NONNULL = YES;
				CLANG_ANALYZER_NUMBER_OBJECT_CONVERSION = YES_AGGRESSIVE;
				CLANG_CXX_LANGUAGE_STANDARD = "gnu++17";
				CLANG_CXX_LIBRARY = "libc++";
				CLANG_ENABLE_MODULES = YES;
				CLANG_ENABLE_OBJC_ARC = YES;
				CLANG_ENABLE_OBJC_WEAK = YES;
				CLANG_WARN_BLOCK_CAPTURE_AUTORELEASING = YES;
				CLANG_WARN_BOOL_CONVERSION = YES;
				CLANG_WARN_COMMA = YES;
				CLANG_WARN_CONSTANT_CONVERSION = YES;
				CLANG_WARN_DEPRECATED_OBJC_IMPLEMENTATIONS = YES;
				CLANG_WARN_DIRECT_OBJC_ISA_USAGE = YES_ERROR;
				CLANG_WARN_DOCUMENTATION_COMMENTS = YES;
				CLANG_WARN_EMPTY_BODY = YES;
				CLANG_WARN_ENUM_CONVERSION = YES;
				CLANG_WARN_INFINITE_RECURSION = YES;
				CLANG_WARN_INT_CONVERSION = YES;
				CLANG_WARN_NON_LITERAL_NULL_CONVERSION = YES;
				CLANG_WARN_OBJC_IMPLICIT_RETAIN_SELF = YES;
				CLANG_WARN_OBJC_LITERAL_CONVERSION = YES;
				CLANG_WARN_OBJC_ROOT_CLASS = YES_ERROR;
				CLANG_WARN_QUOTED_INCLUDE_IN_FRAMEWORK_HEADER = YES;
				CLANG_WARN_RANGE_LOOP_ANALYSIS = YES;
				CLANG_WARN_STRICT_PROTOTYPES = YES;
				CLANG_WARN_SUSPICIOUS_MOVE = YES;
				CLANG_WARN_UNGUARDED_AVAILABILITY = YES_AGGRESSIVE;
				CLANG_WARN_UNREACHABLE_CODE = YES;
				CLANG_WARN__DUPLICATE_METHOD_MATCH = YES;
				COPY_PHASE_STRIP = NO;
				DEBUG_INFORMATION_FORMAT = "dwarf-with-dsym";
				ENABLE_NS_ASSERTIONS = NO;
				ENABLE_STRICT_OBJC_MSGSEND = YES;
				GCC_C_LANGUAGE_STANDARD = gnu11;
				GCC_NO_COMMON_BLOCKS = YES;
				GCC_WARN_64_TO_32_BIT_CONVERSION = YES;
				GCC_WARN_ABOUT_RETURN_TYPE = YES_ERROR;
				GCC_WARN_UNDECLARED_SELECTOR = YES;
				GCC_WARN_UNINITIALIZED_AUTOS = YES_AGGRESSIVE;
				GCC_WARN_UNUSED_FUNCTION = YES;
				GCC_WARN_UNUSED_VARIABLE = YES;
				IPHONEOS_DEPLOYMENT_TARGET = 15.0;
				MTL_ENABLE_DEBUG_INFO = NO;
				MTL_FAST_MATH = YES;
				SDKROOT = iphoneos;
				SWIFT_COMPILATION_MODE = wholemodule;
				SWIFT_OPTIMIZATION_LEVEL = "-O";
				VALIDATE_PRODUCT = YES;
			};
			name = Release;
		};
		AFF2275827FB46FC006E6E61 /* Debug */ = {
			isa = XCBuildConfiguration;
			baseConfigurationReference = D7E0A4999859B2373CF47F6F /* Pods-Food Ordering App.debug.xcconfig */;
			buildSettings = {
				ASSETCATALOG_COMPILER_APPICON_NAME = AppIcon;
				ASSETCATALOG_COMPILER_GLOBAL_ACCENT_COLOR_NAME = AccentColor;
				CODE_SIGN_STYLE = Automatic;
				CURRENT_PROJECT_VERSION = 1;
				DEVELOPMENT_TEAM = WBND8H9MX8;
				GENERATE_INFOPLIST_FILE = YES;
				INFOPLIST_FILE = "Food Ordering App/Info.plist";
				INFOPLIST_KEY_UIApplicationSupportsIndirectInputEvents = YES;
				INFOPLIST_KEY_UILaunchStoryboardName = LaunchScreen;
				INFOPLIST_KEY_UIMainStoryboardFile = Main;
				INFOPLIST_KEY_UISupportedInterfaceOrientations_iPad = "UIInterfaceOrientationPortrait UIInterfaceOrientationPortraitUpsideDown UIInterfaceOrientationLandscapeLeft UIInterfaceOrientationLandscapeRight";
				INFOPLIST_KEY_UISupportedInterfaceOrientations_iPhone = "UIInterfaceOrientationPortrait UIInterfaceOrientationLandscapeLeft UIInterfaceOrientationLandscapeRight";
				LD_RUNPATH_SEARCH_PATHS = (
					"$(inherited)",
					"@executable_path/Frameworks",
				);
				MARKETING_VERSION = 1.0;
				PRODUCT_BUNDLE_IDENTIFIER = "com.ansa.Food-Ordering-App";
				PRODUCT_NAME = "$(TARGET_NAME)";
				SWIFT_EMIT_LOC_STRINGS = YES;
				SWIFT_VERSION = 5.0;
				TARGETED_DEVICE_FAMILY = "1,2";
			};
			name = Debug;
		};
		AFF2275927FB46FC006E6E61 /* Release */ = {
			isa = XCBuildConfiguration;
			baseConfigurationReference = 165893BA6795281E4C484127 /* Pods-Food Ordering App.release.xcconfig */;
			buildSettings = {
				ASSETCATALOG_COMPILER_APPICON_NAME = AppIcon;
				ASSETCATALOG_COMPILER_GLOBAL_ACCENT_COLOR_NAME = AccentColor;
				CODE_SIGN_STYLE = Automatic;
				CURRENT_PROJECT_VERSION = 1;
				DEVELOPMENT_TEAM = WBND8H9MX8;
				GENERATE_INFOPLIST_FILE = YES;
				INFOPLIST_FILE = "Food Ordering App/Info.plist";
				INFOPLIST_KEY_UIApplicationSupportsIndirectInputEvents = YES;
				INFOPLIST_KEY_UILaunchStoryboardName = LaunchScreen;
				INFOPLIST_KEY_UIMainStoryboardFile = Main;
				INFOPLIST_KEY_UISupportedInterfaceOrientations_iPad = "UIInterfaceOrientationPortrait UIInterfaceOrientationPortraitUpsideDown UIInterfaceOrientationLandscapeLeft UIInterfaceOrientationLandscapeRight";
				INFOPLIST_KEY_UISupportedInterfaceOrientations_iPhone = "UIInterfaceOrientationPortrait UIInterfaceOrientationLandscapeLeft UIInterfaceOrientationLandscapeRight";
				LD_RUNPATH_SEARCH_PATHS = (
					"$(inherited)",
					"@executable_path/Frameworks",
				);
				MARKETING_VERSION = 1.0;
				PRODUCT_BUNDLE_IDENTIFIER = "com.ansa.Food-Ordering-App";
				PRODUCT_NAME = "$(TARGET_NAME)";
				SWIFT_EMIT_LOC_STRINGS = YES;
				SWIFT_VERSION = 5.0;
				TARGETED_DEVICE_FAMILY = "1,2";
			};
			name = Release;
		};
/* End XCBuildConfiguration section */

/* Begin XCConfigurationList section */
		AFF2273E27FB46FA006E6E61 /* Build configuration list for PBXProject "Food Ordering App" */ = {
			isa = XCConfigurationList;
			buildConfigurations = (
				AFF2275527FB46FC006E6E61 /* Debug */,
				AFF2275627FB46FC006E6E61 /* Release */,
			);
			defaultConfigurationIsVisible = 0;
			defaultConfigurationName = Release;
		};
		AFF2275727FB46FC006E6E61 /* Build configuration list for PBXNativeTarget "Food Ordering App" */ = {
			isa = XCConfigurationList;
			buildConfigurations = (
				AFF2275827FB46FC006E6E61 /* Debug */,
				AFF2275927FB46FC006E6E61 /* Release */,
			);
			defaultConfigurationIsVisible = 0;
			defaultConfigurationName = Release;
		};
/* End XCConfigurationList section */
	};
	rootObject = AFF2273B27FB46FA006E6E61 /* Project object */;
}
